PODS:
  - AppAuth (1.5.0):
    - AppAuth/Core (= 1.5.0)
    - AppAuth/ExternalUserAgent (= 1.5.0)
  - AppAuth/Core (1.5.0)
  - AppAuth/ExternalUserAgent (1.5.0):
    - AppAuth/Core
  - Charts (4.0.3):
    - Charts/Core (= 4.0.3)
  - Charts/Core (4.0.3):
    - SwiftAlgorithms (~> 1.0)
  - CodableFirebase (0.2.1)
  - CropViewController (2.6.1)
  - Eureka (5.3.6)
  - Firebase/Analytics (8.15.0):
    - Firebase/Core
  - Firebase/Auth (8.15.0):
    - Firebase/CoreOnly
    - FirebaseAuth (~> 8.15.0)
  - Firebase/Core (8.15.0):
    - Firebase/CoreOnly
    - FirebaseAnalytics (~> 8.15.0)
  - Firebase/CoreOnly (8.15.0):
    - FirebaseCore (= 8.15.0)
  - Firebase/Database (8.15.0):
    - Firebase/CoreOnly
    - FirebaseDatabase (~> 8.15.0)
  - Firebase/Messaging (8.15.0):
    - Firebase/CoreOnly
    - FirebaseMessaging (~> 8.15.0)
  - Firebase/Storage (8.15.0):
    - Firebase/CoreOnly
    - FirebaseStorage (~> 8.15.0)
  - FirebaseAnalytics (8.15.0):
    - FirebaseAnalytics/AdIdSupport (= 8.15.0)
    - FirebaseCore (~> 8.0)
    - FirebaseInstallations (~> 8.0)
    - GoogleUtilities/AppDelegateSwizzler (~> 7.7)
    - GoogleUtilities/MethodSwizzler (~> 7.7)
    - GoogleUtilities/Network (~> 7.7)
    - "GoogleUtilities/NSData+zlib (~> 7.7)"
    - nanopb (~> 2.30908.0)
  - FirebaseAnalytics/AdIdSupport (8.15.0):
    - FirebaseCore (~> 8.0)
    - FirebaseInstallations (~> 8.0)
    - GoogleAppMeasurement (= 8.15.0)
    - GoogleUtilities/AppDelegateSwizzler (~> 7.7)
    - GoogleUtilities/MethodSwizzler (~> 7.7)
    - GoogleUtilities/Network (~> 7.7)
    - "GoogleUtilities/NSData+zlib (~> 7.7)"
    - nanopb (~> 2.30908.0)
  - FirebaseAuth (8.15.0):
    - FirebaseCore (~> 8.0)
    - GoogleUtilities/AppDelegateSwizzler (~> 7.7)
    - GoogleUtilities/Environment (~> 7.7)
    - GTMSessionFetcher/Core (~> 1.5)
  - FirebaseCore (8.15.0):
    - FirebaseCoreDiagnostics (~> 8.0)
    - GoogleUtilities/Environment (~> 7.7)
    - GoogleUtilities/Logger (~> 7.7)
  - FirebaseCoreDiagnostics (8.15.0):
    - GoogleDataTransport (~> 9.1)
    - GoogleUtilities/Environment (~> 7.7)
    - GoogleUtilities/Logger (~> 7.7)
    - nanopb (~> 2.30908.0)
  - FirebaseDatabase (8.15.0):
    - FirebaseCore (~> 8.0)
    - leveldb-library (~> 1.22)
  - FirebaseInstallations (8.15.0):
    - FirebaseCore (~> 8.0)
    - GoogleUtilities/Environment (~> 7.7)
    - GoogleUtilities/UserDefaults (~> 7.7)
    - PromisesObjC (< 3.0, >= 1.2)
  - FirebaseMessaging (8.15.0):
    - FirebaseCore (~> 8.0)
    - FirebaseInstallations (~> 8.0)
    - GoogleDataTransport (~> 9.1)
    - GoogleUtilities/AppDelegateSwizzler (~> 7.7)
    - GoogleUtilities/Environment (~> 7.7)
    - GoogleUtilities/Reachability (~> 7.7)
    - GoogleUtilities/UserDefaults (~> 7.7)
    - nanopb (~> 2.30908.0)
  - FirebaseStorage (8.15.0):
    - FirebaseCore (~> 8.0)
    - GTMSessionFetcher/Core (~> 1.5)
  - FLAnimatedImage (1.0.16)
  - FloatingPanel (1.6.6)
  - FSCalendar (2.8.4)
  - FTPopOverMenu_Swift (0.2.1)
  - GoogleAPIClientForREST/Calendar (2.0.0):
    - GoogleAPIClientForREST/Core
    - GTMSessionFetcher/Full (< 3.0, >= 1.6.1)
  - GoogleAPIClientForREST/Core (2.0.0):
    - GTMSessionFetcher/Full (< 3.0, >= 1.6.1)
  - GoogleAPIClientForREST/Tasks (2.0.0):
    - GoogleAPIClientForREST/Core
    - GTMSessionFetcher/Full (< 3.0, >= 1.6.1)
  - GoogleAppMeasurement (8.15.0):
    - GoogleAppMeasurement/AdIdSupport (= 8.15.0)
    - GoogleUtilities/AppDelegateSwizzler (~> 7.7)
    - GoogleUtilities/MethodSwizzler (~> 7.7)
    - GoogleUtilities/Network (~> 7.7)
    - "GoogleUtilities/NSData+zlib (~> 7.7)"
    - nanopb (~> 2.30908.0)
  - GoogleAppMeasurement/AdIdSupport (8.15.0):
    - GoogleAppMeasurement/WithoutAdIdSupport (= 8.15.0)
    - GoogleUtilities/AppDelegateSwizzler (~> 7.7)
    - GoogleUtilities/MethodSwizzler (~> 7.7)
    - GoogleUtilities/Network (~> 7.7)
    - "GoogleUtilities/NSData+zlib (~> 7.7)"
    - nanopb (~> 2.30908.0)
  - GoogleAppMeasurement/WithoutAdIdSupport (8.15.0):
    - GoogleUtilities/AppDelegateSwizzler (~> 7.7)
    - GoogleUtilities/MethodSwizzler (~> 7.7)
    - GoogleUtilities/Network (~> 7.7)
    - "GoogleUtilities/NSData+zlib (~> 7.7)"
    - nanopb (~> 2.30908.0)
  - GoogleDataTransport (9.1.4):
    - GoogleUtilities/Environment (~> 7.7)
    - nanopb (< 2.30910.0, >= 2.30908.0)
    - PromisesObjC (< 3.0, >= 1.2)
  - GoogleSignIn (5.0.2):
    - AppAuth (~> 1.2)
    - GTMAppAuth (~> 1.0)
    - GTMSessionFetcher/Core (~> 1.1)
  - GoogleUtilities/AppDelegateSwizzler (7.7.0):
    - GoogleUtilities/Environment
    - GoogleUtilities/Logger
    - GoogleUtilities/Network
  - GoogleUtilities/Environment (7.7.0):
    - PromisesObjC (< 3.0, >= 1.2)
  - GoogleUtilities/Logger (7.7.0):
    - GoogleUtilities/Environment
  - GoogleUtilities/MethodSwizzler (7.7.0):
    - GoogleUtilities/Logger
  - GoogleUtilities/Network (7.7.0):
    - GoogleUtilities/Logger
    - "GoogleUtilities/NSData+zlib"
    - GoogleUtilities/Reachability
  - "GoogleUtilities/NSData+zlib (7.7.0)"
  - GoogleUtilities/Reachability (7.7.0):
    - GoogleUtilities/Logger
  - GoogleUtilities/UserDefaults (7.7.0):
    - GoogleUtilities/Logger
  - GTMAppAuth (1.3.0):
    - AppAuth/Core (~> 1.4)
    - GTMSessionFetcher/Core (~> 1.5)
  - GTMSessionFetcher/Core (1.7.2)
  - GTMSessionFetcher/Full (1.7.2):
    - GTMSessionFetcher/Core (= 1.7.2)
  - leveldb-library (1.22.1)
  - nanopb (2.30908.0):
    - nanopb/decode (= 2.30908.0)
    - nanopb/encode (= 2.30908.0)
  - nanopb/decode (2.30908.0)
  - nanopb/encode (2.30908.0)
  - PhoneNumberKit (3.3.4):
    - PhoneNumberKit/PhoneNumberKitCore (= 3.3.4)
    - PhoneNumberKit/UIKit (= 3.3.4)
  - PhoneNumberKit/PhoneNumberKitCore (3.3.4)
  - PhoneNumberKit/UIKit (3.3.4):
    - PhoneNumberKit/PhoneNumberKitCore
  - PromisesObjC (2.1.0)
  - SDWebImage (5.12.6):
    - SDWebImage/Core (= 5.12.6)
  - SDWebImage/Core (5.12.6)
  - SplitRow (2.2.0):
    - Eureka (~> 5.3.3)
  - SwiftAlgorithms (1.0.0)
  - ViewRow (0.8):
    - Eureka (>= 5.0.0)

DEPENDENCIES:
  - Charts
  - CodableFirebase
  - CropViewController
  - Eureka (~> 5.3.6)
  - Firebase/Analytics (~> 8.15.0)
  - Firebase/Auth (~> 8.15.0)
  - Firebase/Core (~> 8.15.0)
  - Firebase/Database (~> 8.15.0)
  - Firebase/Messaging (~> 8.15.0)
  - Firebase/Storage (~> 8.15.0)
  - FLAnimatedImage
  - FloatingPanel (~> 1.6.5)
  - FSCalendar
  - FTPopOverMenu_Swift (~> 0.2.0)
  - GoogleAPIClientForREST/Calendar
  - GoogleAPIClientForREST/Tasks
  - GoogleSignIn
  - PhoneNumberKit
  - SDWebImage
  - SplitRow
  - ViewRow

SPEC REPOS:
  trunk:
    - AppAuth
    - Charts
    - CodableFirebase
    - CropViewController
    - Eureka
    - Firebase
    - FirebaseAnalytics
    - FirebaseAuth
    - FirebaseCore
    - FirebaseCoreDiagnostics
    - FirebaseDatabase
    - FirebaseInstallations
    - FirebaseMessaging
    - FirebaseStorage
    - FLAnimatedImage
    - FloatingPanel
    - FSCalendar
    - FTPopOverMenu_Swift
    - GoogleAPIClientForREST
    - GoogleAppMeasurement
    - GoogleDataTransport
    - GoogleSignIn
    - GoogleUtilities
    - GTMAppAuth
    - GTMSessionFetcher
    - leveldb-library
    - nanopb
    - PhoneNumberKit
    - PromisesObjC
    - SDWebImage
    - SplitRow
    - SwiftAlgorithms
    - ViewRow

SPEC CHECKSUMS:
  AppAuth: 80317d99ac7ff2801a2f18ff86b48cd315ed465d
  Charts: d959d6723c8eedfdd0735dfc28cb0a71762ac4d9
  CodableFirebase: 0bf201991eeec35eb9fcd987d271ea463cf34a80
  CropViewController: 58fb440f30dac788b129d2a1f24cffdcb102669c
  Eureka: 28ad9dec6286cd7cd601fdf8e8df39bb7356a8f4
  Firebase: 5f8193dff4b5b7c5d5ef72ae54bb76c08e2b841d
  FirebaseAnalytics: 7761cbadb00a717d8d0939363eb46041526474fa
  FirebaseAuth: 3e73bf8abf4fbb40f8b421f361f4cc48ee57388c
  FirebaseCore: 5743c5785c074a794d35f2fff7ecc254a91e08b1
  FirebaseCoreDiagnostics: 92e07a649aeb66352b319d43bdd2ee3942af84cb
  FirebaseDatabase: f567afd233e54a303d84423207736590a6feb419
  FirebaseInstallations: 40bd9054049b2eae9a2c38ef1c3dd213df3605cd
  FirebaseMessaging: 5e5118a2383b3531e730d974680954c679ca0a13
  FirebaseStorage: 8019af461599b2c3bc61c6a5dbdfa3d2de66a4d9
  FLAnimatedImage: 8f3e854ebf9680b71f0b6e700939687fc4d82b4b
  FloatingPanel: 5fe605e073e60395bc4bb416fd513d0fa38a6558
  FSCalendar: 2d1d0d9398f12d439f55c1fe0f01525b151b8260
  FTPopOverMenu_Swift: c91ce7301c358264743de028bc28177ee9d8e1a4
  GoogleAPIClientForREST: 2abe83bae1085d28f94ccc30a49fc7950d721fb9
  GoogleAppMeasurement: 4c19f031220c72464d460c9daa1fb5d1acce958e
  GoogleDataTransport: 5fffe35792f8b96ec8d6775f5eccd83c998d5a3b
  GoogleSignIn: 7137d297ddc022a7e0aa4619c86d72c909fa7213
  GoogleUtilities: e0913149f6b0625b553d70dae12b49fc62914fd1
  GTMAppAuth: 4d8f864896f3646f0c33baf38a28362f4c601e15
  GTMSessionFetcher: 5595ec75acf5be50814f81e9189490412bad82ba
  leveldb-library: 50c7b45cbd7bf543c81a468fe557a16ae3db8729
  nanopb: a0ba3315591a9ae0a16a309ee504766e90db0c96
  PhoneNumberKit: 441e8b26ec88d598e3591de9061eff18f5dd12e8
  PromisesObjC: 99b6f43f9e1044bd87a95a60beff28c2c44ddb72
  SDWebImage: a47aea9e3d8816015db4e523daff50cfd294499d
  SplitRow: 1911d2bd0f34e6ac93d83cc741730505a91c4d04
  SwiftAlgorithms: 38dda4731d19027fdeee1125f973111bf3386b53
  ViewRow: 8da541e9c019f3be63f4e28f311a62cac2045ecf

PODFILE CHECKSUM: 94094e99b8d253d77a3329b502ce26bd4f397005

COCOAPODS: 1.11.3
